
Microsoft Visual Studio Solution File, Format Version 12.00
# Visual Studio Version 17
VisualStudioVersion = 17.11.35312.102
MinimumVisualStudioVersion = 10.0.40219.1
Project("{FAE04EC0-301F-11D3-BF4B-00C04F79EFBC}") = "ZwembadenRequestApp.Core", "ZwembadenRequestApp.Core\ZwembadenRequestApp.Core.csproj", "{58D8EAA4-F097-4EF4-B737-E762D693965B}"
EndProject
Project("{FAE04EC0-301F-11D3-BF4B-00C04F79EFBC}") = "ZwembadenRequestApp.Web", "ZwembadenRequestApp.Web\ZwembadenRequestApp.Web.csproj", "{B9D6AB4F-964F-4E9E-B9E6-24479622D9BE}"
EndProject
Global
	GlobalSection(SolutionConfigurationPlatforms) = preSolution
		Debug|Any CPU = Debug|Any CPU
		Release|Any CPU = Release|Any CPU
	EndGlobalSection
	GlobalSection(ProjectConfigurationPlatforms) = postSolution
		{58D8EAA4-F097-4EF4-B737-E762D693965B}.Debug|Any CPU.ActiveCfg = Debug|Any CPU
		{58D8EAA4-F097-4EF4-B737-E762D693965B}.Debug|Any CPU.Build.0 = Debug|Any CPU
		{58D8EAA4-F097-4EF4-B737-E762D693965B}.Release|Any CPU.ActiveCfg = Release|Any CPU
		{58D8EAA4-F097-4EF4-B737-E762D693965B}.Release|Any CPU.Build.0 = Release|Any CPU
		{B9D6AB4F-964F-4E9E-B9E6-24479622D9BE}.Debug|Any CPU.ActiveCfg = Debug|Any CPU
		{B9D6AB4F-964F-4E9E-B9E6-24479622D9BE}.Debug|Any CPU.Build.0 = Debug|Any CPU
		{B9D6AB4F-964F-4E9E-B9E6-24479622D9BE}.Release|Any CPU.ActiveCfg = Release|Any CPU
		{B9D6AB4F-964F-4E9E-B9E6-24479622D9BE}.Release|Any CPU.Build.0 = Release|Any CPU
	EndGlobalSection
	GlobalSection(SolutionProperties) = preSolution
		HideSolutionNode = FALSE
	EndGlobalSection
	GlobalSection(ExtensibilityGlobals) = postSolution
		SolutionGuid = {8FF46B5E-583D-43E7-83A2-B82E152A6093}
	EndGlobalSection
EndGlobal
